
Microsoft Visual Studio Solution File, Format Version 9.00
# Visual Studio 2005
Project("{8BC9CEB8-8B4A-11D0-8D11-00A0C91BC942}") = "serialPort", "serialPort\serialPort.vcproj", "{29EE6535-8C12-4BED-88E1-A15C83C1800B}"
EndProject
Global
	GlobalSection(SolutionConfigurationPlatforms) = preSolution
		Debug|Win32 = Debug|Win32
		Release|Win32 = Release|Win32
	EndGlobalSection
	GlobalSection(ProjectConfigurationPlatforms) = postSolution
		{29EE6535-8C12-4BED-88E1-A15C83C1800B}.Debug|Win32.ActiveCfg = Debug|Win32
		{29EE6535-8C12-4BED-88E1-A15C83C1800B}.Debug|Win32.Build.0 = Debug|Win32
		{29EE6535-8C12-4BED-88E1-A15C83C1800B}.Release|Win32.ActiveCfg = Release|Win32
		{29EE6535-8C12-4BED-88E1-A15C83C1800B}.Release|Win32.Build.0 = Release|Win32
	EndGlobalSection
	GlobalSection(SolutionProperties) = preSolution
		HideSolutionNode = FALSE
	EndGlobalSection
EndGlobal
